
Microsoft Visual Studio Solution File, Format Version 12.00
# Visual Studio 14
VisualStudioVersion = 14.0.25420.1
MinimumVisualStudioVersion = 10.0.40219.1
Project("{FAE04EC0-301F-11D3-BF4B-00C04F79EFBC}") = "ShuffleDrill", "ShuffleDrill\ShuffleDrill.csproj", "{FCECE919-1198-4961-87D6-4F59672C69F8}"
EndProject
Project("{FAE04EC0-301F-11D3-BF4B-00C04F79EFBC}") = "DrillZipMethod", "DrillZipMethod\DrillZipMethod.csproj", "{35D454AE-7060-4420-8F83-AE90892B4CE4}"
EndProject
Project("{FAE04EC0-301F-11D3-BF4B-00C04F79EFBC}") = "DrillDaihatsuPerDiv", "DrillDaihatsuPerDiv\DrillDaihatsuPerDiv.csproj", "{8F8F11CD-1D37-418D-A808-207A59F6049F}"
EndProject
Project("{FAE04EC0-301F-11D3-BF4B-00C04F79EFBC}") = "DaihatsuPerDiv", "DaihatsuPerDiv\DaihatsuPerDiv.csproj", "{4B5EEC2B-E065-460D-A004-2C865E26A99F}"
EndProject
Global
	GlobalSection(SolutionConfigurationPlatforms) = preSolution
		Debug|Any CPU = Debug|Any CPU
		Release|Any CPU = Release|Any CPU
	EndGlobalSection
	GlobalSection(ProjectConfigurationPlatforms) = postSolution
		{FCECE919-1198-4961-87D6-4F59672C69F8}.Debug|Any CPU.ActiveCfg = Debug|Any CPU
		{FCECE919-1198-4961-87D6-4F59672C69F8}.Debug|Any CPU.Build.0 = Debug|Any CPU
		{FCECE919-1198-4961-87D6-4F59672C69F8}.Release|Any CPU.ActiveCfg = Release|Any CPU
		{FCECE919-1198-4961-87D6-4F59672C69F8}.Release|Any CPU.Build.0 = Release|Any CPU
		{35D454AE-7060-4420-8F83-AE90892B4CE4}.Debug|Any CPU.ActiveCfg = Debug|Any CPU
		{35D454AE-7060-4420-8F83-AE90892B4CE4}.Debug|Any CPU.Build.0 = Debug|Any CPU
		{35D454AE-7060-4420-8F83-AE90892B4CE4}.Release|Any CPU.ActiveCfg = Release|Any CPU
		{35D454AE-7060-4420-8F83-AE90892B4CE4}.Release|Any CPU.Build.0 = Release|Any CPU
		{8F8F11CD-1D37-418D-A808-207A59F6049F}.Debug|Any CPU.ActiveCfg = Debug|Any CPU
		{8F8F11CD-1D37-418D-A808-207A59F6049F}.Debug|Any CPU.Build.0 = Debug|Any CPU
		{8F8F11CD-1D37-418D-A808-207A59F6049F}.Release|Any CPU.ActiveCfg = Release|Any CPU
		{8F8F11CD-1D37-418D-A808-207A59F6049F}.Release|Any CPU.Build.0 = Release|Any CPU
		{4B5EEC2B-E065-460D-A004-2C865E26A99F}.Debug|Any CPU.ActiveCfg = Debug|Any CPU
		{4B5EEC2B-E065-460D-A004-2C865E26A99F}.Debug|Any CPU.Build.0 = Debug|Any CPU
		{4B5EEC2B-E065-460D-A004-2C865E26A99F}.Release|Any CPU.ActiveCfg = Release|Any CPU
		{4B5EEC2B-E065-460D-A004-2C865E26A99F}.Release|Any CPU.Build.0 = Release|Any CPU
	EndGlobalSection
	GlobalSection(SolutionProperties) = preSolution
		HideSolutionNode = FALSE
	EndGlobalSection
EndGlobal
